<?xml version="1.0" encoding="utf-8"?>
<Project ToolsVersion="16.0" xmlns="http://schemas.microsoft.com/developer/msbuild/2003">
  <ItemGroup>
    <CustomBuild Include="C:\Users\pickb\Documents\darknet-master\CMakeFiles\7a60060caa54baee2494532264f0c40b\generate.stamp.rule">
      <Filter>CMake Rules</Filter>
    </CustomBuild>
  </ItemGroup>
  <ItemGroup>
    <Filter Include="CMake Rules">
      <UniqueIdentifier>{E7B61993-50E5-32C5-B7CD-2B212B9D80F5}</UniqueIdentifier>
    </Filter>
  </ItemGroup>
</Project>
